
Microsoft Visual Studio Solution File, Format Version 12.00
# Visual Studio Version 17
VisualStudioVersion = 17.5.2.0
MinimumVisualStudioVersion = 10.0.40219.1
Project("{FAE04EC0-301F-11D3-BF4B-00C04F79EFBC}") = "GMDCore", "GMDCore\GMDCore.csproj", "{EB2B2191-3BD6-48D1-B1FE-9089A395A219}"
EndProject
Project("{FAE04EC0-301F-11D3-BF4B-00C04F79EFBC}") = "Content", "Content\Content.csproj", "{B6D5B64E-C9AE-4CA0-A392-EDE57202F7A6}"
EndProject
Project("{FAE04EC0-301F-11D3-BF4B-00C04F79EFBC}") = "GeometryWars0", "GeometryWars0\GeometryWars0.csproj", "{0B291819-B5AA-4B2A-A416-0E6A8DBD43C8}"
EndProject
Project("{FAE04EC0-301F-11D3-BF4B-00C04F79EFBC}") = "GeometryWars1", "GeometryWars1\GeometryWars1.csproj", "{CB923C8D-723A-4F83-8699-778E4A3C5B46}"
EndProject
Project("{FAE04EC0-301F-11D3-BF4B-00C04F79EFBC}") = "GeometryWars2", "GeometryWars2\GeometryWars2.csproj", "{E75E7CCB-154E-464D-AFD8-517D893C7B23}"
EndProject
Project("{FAE04EC0-301F-11D3-BF4B-00C04F79EFBC}") = "GeometryWars3", "GeometryWars3\GeometryWars3.csproj", "{E0550430-7C3F-483D-91C7-562DDF40712D}"
EndProject
Project("{FAE04EC0-301F-11D3-BF4B-00C04F79EFBC}") = "GeometryWars4", "GeometryWars4\GeometryWars4.csproj", "{17F4D126-74B9-45FE-BA1A-E300D9C05DB8}"
EndProject
Project("{FAE04EC0-301F-11D3-BF4B-00C04F79EFBC}") = "GeometryWars5", "GeometryWars5\GeometryWars5.csproj", "{4F186040-8C4D-452F-AB54-C9CC44B2E0B5}"
EndProject
Project("{FAE04EC0-301F-11D3-BF4B-00C04F79EFBC}") = "GeometryWars6", "GeometryWars6\GeometryWars6.csproj", "{79BF3A38-1D7D-4321-98B2-D3EBFBC8D688}"
EndProject
Global
	GlobalSection(SolutionConfigurationPlatforms) = preSolution
		Debug|Any CPU = Debug|Any CPU
		Debug|x64 = Debug|x64
		Debug|x86 = Debug|x86
		Release|Any CPU = Release|Any CPU
		Release|x64 = Release|x64
		Release|x86 = Release|x86
	EndGlobalSection
	GlobalSection(ProjectConfigurationPlatforms) = postSolution
		{EB2B2191-3BD6-48D1-B1FE-9089A395A219}.Debug|Any CPU.ActiveCfg = Debug|Any CPU
		{EB2B2191-3BD6-48D1-B1FE-9089A395A219}.Debug|Any CPU.Build.0 = Debug|Any CPU
		{EB2B2191-3BD6-48D1-B1FE-9089A395A219}.Debug|x64.ActiveCfg = Debug|Any CPU
		{EB2B2191-3BD6-48D1-B1FE-9089A395A219}.Debug|x64.Build.0 = Debug|Any CPU
		{EB2B2191-3BD6-48D1-B1FE-9089A395A219}.Debug|x86.ActiveCfg = Debug|Any CPU
		{EB2B2191-3BD6-48D1-B1FE-9089A395A219}.Debug|x86.Build.0 = Debug|Any CPU
		{EB2B2191-3BD6-48D1-B1FE-9089A395A219}.Release|Any CPU.ActiveCfg = Release|Any CPU
		{EB2B2191-3BD6-48D1-B1FE-9089A395A219}.Release|Any CPU.Build.0 = Release|Any CPU
		{EB2B2191-3BD6-48D1-B1FE-9089A395A219}.Release|x64.ActiveCfg = Release|Any CPU
		{EB2B2191-3BD6-48D1-B1FE-9089A395A219}.Release|x64.Build.0 = Release|Any CPU
		{EB2B2191-3BD6-48D1-B1FE-9089A395A219}.Release|x86.ActiveCfg = Release|Any CPU
		{EB2B2191-3BD6-48D1-B1FE-9089A395A219}.Release|x86.Build.0 = Release|Any CPU
		{B6D5B64E-C9AE-4CA0-A392-EDE57202F7A6}.Debug|Any CPU.ActiveCfg = Debug|Any CPU
		{B6D5B64E-C9AE-4CA0-A392-EDE57202F7A6}.Debug|Any CPU.Build.0 = Debug|Any CPU
		{B6D5B64E-C9AE-4CA0-A392-EDE57202F7A6}.Debug|x64.ActiveCfg = Debug|Any CPU
		{B6D5B64E-C9AE-4CA0-A392-EDE57202F7A6}.Debug|x64.Build.0 = Debug|Any CPU
		{B6D5B64E-C9AE-4CA0-A392-EDE57202F7A6}.Debug|x86.ActiveCfg = Debug|Any CPU
		{B6D5B64E-C9AE-4CA0-A392-EDE57202F7A6}.Debug|x86.Build.0 = Debug|Any CPU
		{B6D5B64E-C9AE-4CA0-A392-EDE57202F7A6}.Release|Any CPU.ActiveCfg = Release|Any CPU
		{B6D5B64E-C9AE-4CA0-A392-EDE57202F7A6}.Release|Any CPU.Build.0 = Release|Any CPU
		{B6D5B64E-C9AE-4CA0-A392-EDE57202F7A6}.Release|x64.ActiveCfg = Release|Any CPU
		{B6D5B64E-C9AE-4CA0-A392-EDE57202F7A6}.Release|x64.Build.0 = Release|Any CPU
		{B6D5B64E-C9AE-4CA0-A392-EDE57202F7A6}.Release|x86.ActiveCfg = Release|Any CPU
		{B6D5B64E-C9AE-4CA0-A392-EDE57202F7A6}.Release|x86.Build.0 = Release|Any CPU
		{0B291819-B5AA-4B2A-A416-0E6A8DBD43C8}.Debug|Any CPU.ActiveCfg = Debug|Any CPU
		{0B291819-B5AA-4B2A-A416-0E6A8DBD43C8}.Debug|Any CPU.Build.0 = Debug|Any CPU
		{0B291819-B5AA-4B2A-A416-0E6A8DBD43C8}.Debug|x64.ActiveCfg = Debug|Any CPU
		{0B291819-B5AA-4B2A-A416-0E6A8DBD43C8}.Debug|x64.Build.0 = Debug|Any CPU
		{0B291819-B5AA-4B2A-A416-0E6A8DBD43C8}.Debug|x86.ActiveCfg = Debug|Any CPU
		{0B291819-B5AA-4B2A-A416-0E6A8DBD43C8}.Debug|x86.Build.0 = Debug|Any CPU
		{0B291819-B5AA-4B2A-A416-0E6A8DBD43C8}.Release|Any CPU.ActiveCfg = Release|Any CPU
		{0B291819-B5AA-4B2A-A416-0E6A8DBD43C8}.Release|Any CPU.Build.0 = Release|Any CPU
		{0B291819-B5AA-4B2A-A416-0E6A8DBD43C8}.Release|x64.ActiveCfg = Release|Any CPU
		{0B291819-B5AA-4B2A-A416-0E6A8DBD43C8}.Release|x64.Build.0 = Release|Any CPU
		{0B291819-B5AA-4B2A-A416-0E6A8DBD43C8}.Release|x86.ActiveCfg = Release|Any CPU
		{0B291819-B5AA-4B2A-A416-0E6A8DBD43C8}.Release|x86.Build.0 = Release|Any CPU
		{CB923C8D-723A-4F83-8699-778E4A3C5B46}.Debug|Any CPU.ActiveCfg = Debug|Any CPU
		{CB923C8D-723A-4F83-8699-778E4A3C5B46}.Debug|Any CPU.Build.0 = Debug|Any CPU
		{CB923C8D-723A-4F83-8699-778E4A3C5B46}.Debug|x64.ActiveCfg = Debug|Any CPU
		{CB923C8D-723A-4F83-8699-778E4A3C5B46}.Debug|x64.Build.0 = Debug|Any CPU
		{CB923C8D-723A-4F83-8699-778E4A3C5B46}.Debug|x86.ActiveCfg = Debug|Any CPU
		{CB923C8D-723A-4F83-8699-778E4A3C5B46}.Debug|x86.Build.0 = Debug|Any CPU
		{CB923C8D-723A-4F83-8699-778E4A3C5B46}.Release|Any CPU.ActiveCfg = Release|Any CPU
		{CB923C8D-723A-4F83-8699-778E4A3C5B46}.Release|Any CPU.Build.0 = Release|Any CPU
		{CB923C8D-723A-4F83-8699-778E4A3C5B46}.Release|x64.ActiveCfg = Release|Any CPU
		{CB923C8D-723A-4F83-8699-778E4A3C5B46}.Release|x64.Build.0 = Release|Any CPU
		{CB923C8D-723A-4F83-8699-778E4A3C5B46}.Release|x86.ActiveCfg = Release|Any CPU
		{CB923C8D-723A-4F83-8699-778E4A3C5B46}.Release|x86.Build.0 = Release|Any CPU
		{E75E7CCB-154E-464D-AFD8-517D893C7B23}.Debug|Any CPU.ActiveCfg = Debug|Any CPU
		{E75E7CCB-154E-464D-AFD8-517D893C7B23}.Debug|Any CPU.Build.0 = Debug|Any CPU
		{E75E7CCB-154E-464D-AFD8-517D893C7B23}.Debug|x64.ActiveCfg = Debug|Any CPU
		{E75E7CCB-154E-464D-AFD8-517D893C7B23}.Debug|x64.Build.0 = Debug|Any CPU
		{E75E7CCB-154E-464D-AFD8-517D893C7B23}.Debug|x86.ActiveCfg = Debug|Any CPU
		{E75E7CCB-154E-464D-AFD8-517D893C7B23}.Debug|x86.Build.0 = Debug|Any CPU
		{E75E7CCB-154E-464D-AFD8-517D893C7B23}.Release|Any CPU.ActiveCfg = Release|Any CPU
		{E75E7CCB-154E-464D-AFD8-517D893C7B23}.Release|Any CPU.Build.0 = Release|Any CPU
		{E75E7CCB-154E-464D-AFD8-517D893C7B23}.Release|x64.ActiveCfg = Release|Any CPU
		{E75E7CCB-154E-464D-AFD8-517D893C7B23}.Release|x64.Build.0 = Release|Any CPU
		{E75E7CCB-154E-464D-AFD8-517D893C7B23}.Release|x86.ActiveCfg = Release|Any CPU
		{E75E7CCB-154E-464D-AFD8-517D893C7B23}.Release|x86.Build.0 = Release|Any CPU
		{E0550430-7C3F-483D-91C7-562DDF40712D}.Debug|Any CPU.ActiveCfg = Debug|Any CPU
		{E0550430-7C3F-483D-91C7-562DDF40712D}.Debug|Any CPU.Build.0 = Debug|Any CPU
		{E0550430-7C3F-483D-91C7-562DDF40712D}.Debug|x64.ActiveCfg = Debug|Any CPU
		{E0550430-7C3F-483D-91C7-562DDF40712D}.Debug|x64.Build.0 = Debug|Any CPU
		{E0550430-7C3F-483D-91C7-562DDF40712D}.Debug|x86.ActiveCfg = Debug|Any CPU
		{E0550430-7C3F-483D-91C7-562DDF40712D}.Debug|x86.Build.0 = Debug|Any CPU
		{E0550430-7C3F-483D-91C7-562DDF40712D}.Release|Any CPU.ActiveCfg = Release|Any CPU
		{E0550430-7C3F-483D-91C7-562DDF40712D}.Release|Any CPU.Build.0 = Release|Any CPU
		{E0550430-7C3F-483D-91C7-562DDF40712D}.Release|x64.ActiveCfg = Release|Any CPU
		{E0550430-7C3F-483D-91C7-562DDF40712D}.Release|x64.Build.0 = Release|Any CPU
		{E0550430-7C3F-483D-91C7-562DDF40712D}.Release|x86.ActiveCfg = Release|Any CPU
		{E0550430-7C3F-483D-91C7-562DDF40712D}.Release|x86.Build.0 = Release|Any CPU
		{17F4D126-74B9-45FE-BA1A-E300D9C05DB8}.Debug|Any CPU.ActiveCfg = Debug|Any CPU
		{17F4D126-74B9-45FE-BA1A-E300D9C05DB8}.Debug|Any CPU.Build.0 = Debug|Any CPU
		{17F4D126-74B9-45FE-BA1A-E300D9C05DB8}.Debug|x64.ActiveCfg = Debug|Any CPU
		{17F4D126-74B9-45FE-BA1A-E300D9C05DB8}.Debug|x64.Build.0 = Debug|Any CPU
		{17F4D126-74B9-45FE-BA1A-E300D9C05DB8}.Debug|x86.ActiveCfg = Debug|Any CPU
		{17F4D126-74B9-45FE-BA1A-E300D9C05DB8}.Debug|x86.Build.0 = Debug|Any CPU
		{17F4D126-74B9-45FE-BA1A-E300D9C05DB8}.Release|Any CPU.ActiveCfg = Release|Any CPU
		{17F4D126-74B9-45FE-BA1A-E300D9C05DB8}.Release|Any CPU.Build.0 = Release|Any CPU
		{17F4D126-74B9-45FE-BA1A-E300D9C05DB8}.Release|x64.ActiveCfg = Release|Any CPU
		{17F4D126-74B9-45FE-BA1A-E300D9C05DB8}.Release|x64.Build.0 = Release|Any CPU
		{17F4D126-74B9-45FE-BA1A-E300D9C05DB8}.Release|x86.ActiveCfg = Release|Any CPU
		{17F4D126-74B9-45FE-BA1A-E300D9C05DB8}.Release|x86.Build.0 = Release|Any CPU
		{4F186040-8C4D-452F-AB54-C9CC44B2E0B5}.Debug|Any CPU.ActiveCfg = Debug|Any CPU
		{4F186040-8C4D-452F-AB54-C9CC44B2E0B5}.Debug|Any CPU.Build.0 = Debug|Any CPU
		{4F186040-8C4D-452F-AB54-C9CC44B2E0B5}.Debug|x64.ActiveCfg = Debug|Any CPU
		{4F186040-8C4D-452F-AB54-C9CC44B2E0B5}.Debug|x64.Build.0 = Debug|Any CPU
		{4F186040-8C4D-452F-AB54-C9CC44B2E0B5}.Debug|x86.ActiveCfg = Debug|Any CPU
		{4F186040-8C4D-452F-AB54-C9CC44B2E0B5}.Debug|x86.Build.0 = Debug|Any CPU
		{4F186040-8C4D-452F-AB54-C9CC44B2E0B5}.Release|Any CPU.ActiveCfg = Release|Any CPU
		{4F186040-8C4D-452F-AB54-C9CC44B2E0B5}.Release|Any CPU.Build.0 = Release|Any CPU
		{4F186040-8C4D-452F-AB54-C9CC44B2E0B5}.Release|x64.ActiveCfg = Release|Any CPU
		{4F186040-8C4D-452F-AB54-C9CC44B2E0B5}.Release|x64.Build.0 = Release|Any CPU
		{4F186040-8C4D-452F-AB54-C9CC44B2E0B5}.Release|x86.ActiveCfg = Release|Any CPU
		{4F186040-8C4D-452F-AB54-C9CC44B2E0B5}.Release|x86.Build.0 = Release|Any CPU
		{79BF3A38-1D7D-4321-98B2-D3EBFBC8D688}.Debug|Any CPU.ActiveCfg = Debug|Any CPU
		{79BF3A38-1D7D-4321-98B2-D3EBFBC8D688}.Debug|Any CPU.Build.0 = Debug|Any CPU
		{79BF3A38-1D7D-4321-98B2-D3EBFBC8D688}.Debug|x64.ActiveCfg = Debug|Any CPU
		{79BF3A38-1D7D-4321-98B2-D3EBFBC8D688}.Debug|x64.Build.0 = Debug|Any CPU
		{79BF3A38-1D7D-4321-98B2-D3EBFBC8D688}.Debug|x86.ActiveCfg = Debug|Any CPU
		{79BF3A38-1D7D-4321-98B2-D3EBFBC8D688}.Debug|x86.Build.0 = Debug|Any CPU
		{79BF3A38-1D7D-4321-98B2-D3EBFBC8D688}.Release|Any CPU.ActiveCfg = Release|Any CPU
		{79BF3A38-1D7D-4321-98B2-D3EBFBC8D688}.Release|Any CPU.Build.0 = Release|Any CPU
		{79BF3A38-1D7D-4321-98B2-D3EBFBC8D688}.Release|x64.ActiveCfg = Release|Any CPU
		{79BF3A38-1D7D-4321-98B2-D3EBFBC8D688}.Release|x64.Build.0 = Release|Any CPU
		{79BF3A38-1D7D-4321-98B2-D3EBFBC8D688}.Release|x86.ActiveCfg = Release|Any CPU
		{79BF3A38-1D7D-4321-98B2-D3EBFBC8D688}.Release|x86.Build.0 = Release|Any CPU
	EndGlobalSection
	GlobalSection(SolutionProperties) = preSolution
		HideSolutionNode = FALSE
	EndGlobalSection
	GlobalSection(ExtensibilityGlobals) = postSolution
		SolutionGuid = {0DEFFC34-FE73-481E-BD89-B8A002506E8B}
	EndGlobalSection
EndGlobal
